
Microsoft Visual Studio Solution File, Format Version 12.00
# Visual Studio Version 16
VisualStudioVersion = 16.0.31702.278
MinimumVisualStudioVersion = 10.0.40219.1
Project("{FAE04EC0-301F-11D3-BF4B-00C04F79EFBC}") = "AlgoritmoTecnicaProgramacao", "AlgoritmoTecnicaProgramacao\AlgoritmoTecnicaProgramacao.csproj", "{C137B888-011E-45C1-8E2E-E964335F04D4}"
EndProject
Global
	GlobalSection(SolutionConfigurationPlatforms) = preSolution
		Debug|Any CPU = Debug|Any CPU
		Release|Any CPU = Release|Any CPU
	EndGlobalSection
	GlobalSection(ProjectConfigurationPlatforms) = postSolution
		{C137B888-011E-45C1-8E2E-E964335F04D4}.Debug|Any CPU.ActiveCfg = Debug|Any CPU
		{C137B888-011E-45C1-8E2E-E964335F04D4}.Debug|Any CPU.Build.0 = Debug|Any CPU
		{C137B888-011E-45C1-8E2E-E964335F04D4}.Release|Any CPU.ActiveCfg = Release|Any CPU
		{C137B888-011E-45C1-8E2E-E964335F04D4}.Release|Any CPU.Build.0 = Release|Any CPU
	EndGlobalSection
	GlobalSection(SolutionProperties) = preSolution
		HideSolutionNode = FALSE
	EndGlobalSection
	GlobalSection(ExtensibilityGlobals) = postSolution
		SolutionGuid = {6B0D6204-6DA1-4755-AD83-6D547AC54CC4}
	EndGlobalSection
EndGlobal
